
Microsoft Visual Studio Solution File, Format Version 12.00
# Visual Studio Version 17
VisualStudioVersion = 17.10.35013.160
MinimumVisualStudioVersion = 10.0.40219.1
Project("{FAE04EC0-301F-11D3-BF4B-00C04F79EFBC}") = "WebApplication1", "WebApplication1.csproj", "{90C4303D-1351-4D3C-B94B-5B8495856C8A}"
EndProject
Global
	GlobalSection(SolutionConfigurationPlatforms) = preSolution
		Debug|Any CPU = Debug|Any CPU
		Release|Any CPU = Release|Any CPU
	EndGlobalSection
	GlobalSection(ProjectConfigurationPlatforms) = postSolution
		{90C4303D-1351-4D3C-B94B-5B8495856C8A}.Debug|Any CPU.ActiveCfg = Debug|Any CPU
		{90C4303D-1351-4D3C-B94B-5B8495856C8A}.Debug|Any CPU.Build.0 = Debug|Any CPU
		{90C4303D-1351-4D3C-B94B-5B8495856C8A}.Release|Any CPU.ActiveCfg = Release|Any CPU
		{90C4303D-1351-4D3C-B94B-5B8495856C8A}.Release|Any CPU.Build.0 = Release|Any CPU
	EndGlobalSection
	GlobalSection(SolutionProperties) = preSolution
		HideSolutionNode = FALSE
	EndGlobalSection
	GlobalSection(ExtensibilityGlobals) = postSolution
		SolutionGuid = {FFA794FC-C0E0-4AB9-A98B-98AA72E5F564}
	EndGlobalSection
EndGlobal
