
Microsoft Visual Studio Solution File, Format Version 12.00
# Visual Studio Version 17
VisualStudioVersion = 17.10.35013.160
MinimumVisualStudioVersion = 10.0.40219.1
Project("{FAE04EC0-301F-11D3-BF4B-00C04F79EFBC}") = "OnlinePoliceManagement", "OnlinePoliceManagement.csproj", "{696C5F42-20BF-4406-8CDC-E0541948FBCE}"
EndProject
Global
	GlobalSection(SolutionConfigurationPlatforms) = preSolution
		Debug|Any CPU = Debug|Any CPU
		Release|Any CPU = Release|Any CPU
	EndGlobalSection
	GlobalSection(ProjectConfigurationPlatforms) = postSolution
		{696C5F42-20BF-4406-8CDC-E0541948FBCE}.Debug|Any CPU.ActiveCfg = Debug|Any CPU
		{696C5F42-20BF-4406-8CDC-E0541948FBCE}.Debug|Any CPU.Build.0 = Debug|Any CPU
		{696C5F42-20BF-4406-8CDC-E0541948FBCE}.Release|Any CPU.ActiveCfg = Release|Any CPU
		{696C5F42-20BF-4406-8CDC-E0541948FBCE}.Release|Any CPU.Build.0 = Release|Any CPU
	EndGlobalSection
	GlobalSection(SolutionProperties) = preSolution
		HideSolutionNode = FALSE
	EndGlobalSection
	GlobalSection(ExtensibilityGlobals) = postSolution
		SolutionGuid = {73A85FB5-7ACE-4B04-AA95-23CDAF15603C}
	EndGlobalSection
EndGlobal
